{
  "nodes": {
    "nixpkgs": {
      "locked": {
        "lastModified": 1741134223,
        "narHash": "sha256-eA216W2nZKhDw5i2y8Db+kX6zSIdPQNGB5YLMXtObaw=",
        "owner": "NixOS",
        "repo": "nixpkgs",
        "rev": "4f7fc6dfdfaeb02dc39682246769783307e4728b",
        "type": "github"
      },
      "original": {
        "owner": "NixOS",
        "repo": "nixpkgs",
        "type": "github"
      }
    },
    "root": {
      "inputs": {
        "nixpkgs": "nixpkgs"
      }
    }
  },
  "root": "root",
  "version": 7
}
